
Microsoft Visual Studio Solution File, Format Version 12.00
# Visual Studio Version 17
VisualStudioVersion = 17.0.31903.59
MinimumVisualStudioVersion = 10.0.40219.1
Project("{2150E333-8FDC-42A3-9474-1A3956D46DE8}") = "src", "src", "{ABB21FC6-5A0B-4625-982E-DC2FCF685445}"
EndProject
Project("{FAE04EC0-301F-11D3-BF4B-00C04F79EFBC}") = "KeyPilot.Core", "src\KeyPilot.Core\KeyPilot.Core.csproj", "{D7851DC2-4721-4A32-984F-DDA07C45786C}"
EndProject
Project("{FAE04EC0-301F-11D3-BF4B-00C04F79EFBC}") = "KeyPilot.Data", "src\KeyPilot.Data\KeyPilot.Data.csproj", "{BB7C3128-238D-4966-A333-AF17C5F83617}"
EndProject
Project("{FAE04EC0-301F-11D3-BF4B-00C04F79EFBC}") = "KeyPilot.Hooks", "src\KeyPilot.Hooks\KeyPilot.Hooks.csproj", "{4564F8A8-0523-443A-AC66-5721E3B715F8}"
EndProject
Project("{FAE04EC0-301F-11D3-BF4B-00C04F79EFBC}") = "KeyPilot.App", "src\KeyPilot.App\KeyPilot.App.csproj", "{BB54D89E-B6B4-4A2C-A817-33D9ECF4A20F}"
EndProject
Project("{FAE04EC0-301F-11D3-BF4B-00C04F79EFBC}") = "KeyPilot.UI", "src\KeyPilot.UI\KeyPilot.UI.csproj", "{987ECDA3-654A-4461-8AF8-FA514536EF66}"
EndProject
Project("{2150E333-8FDC-42A3-9474-1A3956D46DE8}") = "tests", "tests", "{59AA81F4-65F5-4FFF-8F24-D257D82179C2}"
EndProject
Project("{FAE04EC0-301F-11D3-BF4B-00C04F79EFBC}") = "KeyPilot.Core.Tests", "tests\KeyPilot.Core.Tests\KeyPilot.Core.Tests.csproj", "{3DC08C16-4541-44F1-82B6-1306B05388FD}"
EndProject
Project("{FAE04EC0-301F-11D3-BF4B-00C04F79EFBC}") = "KeyPilot.Hooks.Tests", "tests\KeyPilot.Hooks.Tests\KeyPilot.Hooks.Tests.csproj", "{D9E13636-1B4A-411F-A439-CCAEDBEC0CAD}"
EndProject
Project("{FAE04EC0-301F-11D3-BF4B-00C04F79EFBC}") = "KeyPilot.Data.Tests", "tests\KeyPilot.Data.Tests\KeyPilot.Data.Tests.csproj", "{6F488E1F-E1D0-4612-B1AA-D5E97DF5E937}"
EndProject
Global
	GlobalSection(SolutionConfigurationPlatforms) = preSolution
		Debug|Any CPU = Debug|Any CPU
		Release|Any CPU = Release|Any CPU
	EndGlobalSection
	GlobalSection(SolutionProperties) = preSolution
		HideSolutionNode = FALSE
	EndGlobalSection
	GlobalSection(ProjectConfigurationPlatforms) = postSolution
		{D7851DC2-4721-4A32-984F-DDA07C45786C}.Debug|Any CPU.ActiveCfg = Debug|Any CPU
		{D7851DC2-4721-4A32-984F-DDA07C45786C}.Debug|Any CPU.Build.0 = Debug|Any CPU
		{D7851DC2-4721-4A32-984F-DDA07C45786C}.Release|Any CPU.ActiveCfg = Release|Any CPU
		{D7851DC2-4721-4A32-984F-DDA07C45786C}.Release|Any CPU.Build.0 = Release|Any CPU
		{BB7C3128-238D-4966-A333-AF17C5F83617}.Debug|Any CPU.ActiveCfg = Debug|Any CPU
		{BB7C3128-238D-4966-A333-AF17C5F83617}.Debug|Any CPU.Build.0 = Debug|Any CPU
		{BB7C3128-238D-4966-A333-AF17C5F83617}.Release|Any CPU.ActiveCfg = Release|Any CPU
		{BB7C3128-238D-4966-A333-AF17C5F83617}.Release|Any CPU.Build.0 = Release|Any CPU
		{4564F8A8-0523-443A-AC66-5721E3B715F8}.Debug|Any CPU.ActiveCfg = Debug|Any CPU
		{4564F8A8-0523-443A-AC66-5721E3B715F8}.Debug|Any CPU.Build.0 = Debug|Any CPU
		{4564F8A8-0523-443A-AC66-5721E3B715F8}.Release|Any CPU.ActiveCfg = Release|Any CPU
		{4564F8A8-0523-443A-AC66-5721E3B715F8}.Release|Any CPU.Build.0 = Release|Any CPU
		{BB54D89E-B6B4-4A2C-A817-33D9ECF4A20F}.Debug|Any CPU.ActiveCfg = Debug|x64
		{BB54D89E-B6B4-4A2C-A817-33D9ECF4A20F}.Debug|Any CPU.Build.0 = Debug|x64
		{BB54D89E-B6B4-4A2C-A817-33D9ECF4A20F}.Release|Any CPU.ActiveCfg = Release|x64
		{BB54D89E-B6B4-4A2C-A817-33D9ECF4A20F}.Release|Any CPU.Build.0 = Release|x64
		{987ECDA3-654A-4461-8AF8-FA514536EF66}.Debug|Any CPU.ActiveCfg = Debug|Any CPU
		{987ECDA3-654A-4461-8AF8-FA514536EF66}.Debug|Any CPU.Build.0 = Debug|Any CPU
		{987ECDA3-654A-4461-8AF8-FA514536EF66}.Release|Any CPU.ActiveCfg = Release|Any CPU
		{987ECDA3-654A-4461-8AF8-FA514536EF66}.Release|Any CPU.Build.0 = Release|Any CPU
		{3DC08C16-4541-44F1-82B6-1306B05388FD}.Debug|Any CPU.ActiveCfg = Debug|Any CPU
		{3DC08C16-4541-44F1-82B6-1306B05388FD}.Debug|Any CPU.Build.0 = Debug|Any CPU
		{3DC08C16-4541-44F1-82B6-1306B05388FD}.Release|Any CPU.ActiveCfg = Release|Any CPU
		{3DC08C16-4541-44F1-82B6-1306B05388FD}.Release|Any CPU.Build.0 = Release|Any CPU
		{D9E13636-1B4A-411F-A439-CCAEDBEC0CAD}.Debug|Any CPU.ActiveCfg = Debug|Any CPU
		{D9E13636-1B4A-411F-A439-CCAEDBEC0CAD}.Debug|Any CPU.Build.0 = Debug|Any CPU
		{D9E13636-1B4A-411F-A439-CCAEDBEC0CAD}.Release|Any CPU.ActiveCfg = Release|Any CPU
		{D9E13636-1B4A-411F-A439-CCAEDBEC0CAD}.Release|Any CPU.Build.0 = Release|Any CPU
		{6F488E1F-E1D0-4612-B1AA-D5E97DF5E937}.Debug|Any CPU.ActiveCfg = Debug|Any CPU
		{6F488E1F-E1D0-4612-B1AA-D5E97DF5E937}.Debug|Any CPU.Build.0 = Debug|Any CPU
		{6F488E1F-E1D0-4612-B1AA-D5E97DF5E937}.Release|Any CPU.ActiveCfg = Release|Any CPU
		{6F488E1F-E1D0-4612-B1AA-D5E97DF5E937}.Release|Any CPU.Build.0 = Release|Any CPU
	EndGlobalSection
	GlobalSection(NestedProjects) = preSolution
		{D7851DC2-4721-4A32-984F-DDA07C45786C} = {ABB21FC6-5A0B-4625-982E-DC2FCF685445}
		{BB7C3128-238D-4966-A333-AF17C5F83617} = {ABB21FC6-5A0B-4625-982E-DC2FCF685445}
		{4564F8A8-0523-443A-AC66-5721E3B715F8} = {ABB21FC6-5A0B-4625-982E-DC2FCF685445}
		{BB54D89E-B6B4-4A2C-A817-33D9ECF4A20F} = {ABB21FC6-5A0B-4625-982E-DC2FCF685445}
		{987ECDA3-654A-4461-8AF8-FA514536EF66} = {ABB21FC6-5A0B-4625-982E-DC2FCF685445}
		{3DC08C16-4541-44F1-82B6-1306B05388FD} = {59AA81F4-65F5-4FFF-8F24-D257D82179C2}
		{D9E13636-1B4A-411F-A439-CCAEDBEC0CAD} = {59AA81F4-65F5-4FFF-8F24-D257D82179C2}
		{6F488E1F-E1D0-4612-B1AA-D5E97DF5E937} = {59AA81F4-65F5-4FFF-8F24-D257D82179C2}
	EndGlobalSection
EndGlobal
